github.com/gurkankaymak/hocon v1.2.18 h1:/COj3okWh58himiYO0R7PrPX+iE7PbuzTn2cEv7fPsw=
github.com/gurkankaymak/hocon v1.2.18/go.mod h1:dQCfhnuDKlLqAZRGhFTd81HkAfMx7STHv0w2JkJ6iq4=
github.com/rs/xid v1.5.0 h1:mKX4bl4iPYJtEIxp6CYiUuLQ/8DYMoz0PUdtGgMFRVc=
github.com/rs/xid v1.5.0/go.mod h1:trrq9SKmegXys3aeAKXMUTdJsYXVwGY3RLcfgqegfbg=
